
Microsoft Visual Studio Solution File, Format Version 12.00
# Visual Studio Version 16
VisualStudioVersion = 16.0.29728.190
MinimumVisualStudioVersion = 10.0.40219.1
Project("{FAE04EC0-301F-11D3-BF4B-00C04F79EFBC}") = "BridgePattern", "BridgePattern\BridgePattern.csproj", "{A5313A3A-8D51-4500-80B1-74D6BB71160E}"
EndProject
Global
	GlobalSection(SolutionConfigurationPlatforms) = preSolution
		Debug|Any CPU = Debug|Any CPU
		Release|Any CPU = Release|Any CPU
	EndGlobalSection
	GlobalSection(ProjectConfigurationPlatforms) = postSolution
		{A5313A3A-8D51-4500-80B1-74D6BB71160E}.Debug|Any CPU.ActiveCfg = Debug|Any CPU
		{A5313A3A-8D51-4500-80B1-74D6BB71160E}.Debug|Any CPU.Build.0 = Debug|Any CPU
		{A5313A3A-8D51-4500-80B1-74D6BB71160E}.Release|Any CPU.ActiveCfg = Release|Any CPU
		{A5313A3A-8D51-4500-80B1-74D6BB71160E}.Release|Any CPU.Build.0 = Release|Any CPU
	EndGlobalSection
	GlobalSection(SolutionProperties) = preSolution
		HideSolutionNode = FALSE
	EndGlobalSection
	GlobalSection(ExtensibilityGlobals) = postSolution
		SolutionGuid = {FDC61559-AE58-4A3B-8B65-9E6742A2C1B4}
	EndGlobalSection
EndGlobal
